# This file is autogenerated, do not edit; changes may be undone by the next 'dep ensure'.


[[projects]]
  digest = "1:071bc10aade52ea2b6f919474e18900671903b24b12074b9bcc1c17698035586"
  name = "github.com/RoaringBitmap/roaring"
  packages = ["."]
  pruneopts = "UT"
  revision = "4c23670306840b0f8755db247d2e9b8369fc356e"
  version = "v0.4.15"

[[projects]]
  branch = "master"
  digest = "1:fce3735c805fdd8f5a5b646eccfcb410eca0de92399d7de02812eb7a308ece20"
  name = "github.com/anacrolix/dht"
  packages = [
    ".",
    "krpc",
  ]
  pruneopts = "UT"
  revision = "5f03eb1264917b71e6e8432243e8a45d5b1e7c81"

[[projects]]
  branch = "master"
  digest = "1:a7c01fac12978ab4faf942a1463d566f6e626a6b8cba7d7f7c69830049ec75a4"
  name = "github.com/anacrolix/go-libutp"
  packages = ["."]
  pruneopts = "UT"
  revision = "34b43d88094047b1c044ebf3a1810db35fffd454"

[[projects]]
  branch = "master"
  digest = "1:686a37f81b55b2e4813e90a1e3d41a84591b768c8bc5bd4027ce03db11d29a67"
  name = "github.com/anacrolix/log"
  packages = ["."]
  pruneopts = "UT"
  revision = "74f61a49b0a4aa9ede7dd278395e7a9729804dde"

[[projects]]
  branch = "master"
  digest = "1:380c59a36cf5959ca36b69a163c629b57889f98c3394aa1317458be0345c4acd"
  name = "github.com/anacrolix/missinggo"
  packages = [
    ".",
    "bitmap",
    "expect",
    "httptoo",
    "inproc",
    "iter",
    "mime",
    "orderedmap",
    "perf",
    "pproffd",
    "prioritybitmap",
    "pubsub",
    "resource",
    "slices",
    "x",
  ]
  pruneopts = "UT"
  revision = "60ef2fbf63df5d871ada2680d4d8a6013dcd1745"

[[projects]]
  branch = "master"
  digest = "1:da88a5f13467186684abd16aa6f85544af6243a9111bf0d0677a92788a15ec7a"
  name = "github.com/anacrolix/mmsg"
  packages = [
    ".",
    "socket",
  ]
  pruneopts = "UT"
  revision = "a4a3ba1fc8bb6400db01c47508156bf9c67156c6"

[[projects]]
  branch = "master"
  digest = "1:c9444b5e8f5df73cb6653af4b71fc42335f4f117d944b74dfdaee360ff1d30a8"
  name = "github.com/anacrolix/sync"
  packages = ["."]
  pruneopts = "UT"
  revision = "fda11526ff0853fb50738fd7ba5bc9af2eb016bf"

[[projects]]
  branch = "master"
  digest = "1:82002fd8913ba8074ab0f72d9625b1f27f77de48496de43c617ed35c140cc5ae"
  name = "github.com/anacrolix/torrent"
  packages = [
    ".",
    "bencode",
    "iplist",
    "logonce",
    "metainfo",
    "mmap_span",
    "mse",
    "peer_protocol",
    "storage",
    "tracker",
  ]
  pruneopts = "UT"
  revision = "81e6061a5347c35e10b83b9c969811c6f46e338e"

[[projects]]
  branch = "master"
  digest = "1:c8c563c60665dd4b185e3c042d12e915b3dd6129d5477ae313914dce59c7319d"
  name = "github.com/anacrolix/utp"
  packages = ["."]
  pruneopts = "UT"
  revision = "9e0e1d1d0572f5a09a669d4ea0372d8e8078dcc9"

[[projects]]
  digest = "1:0f98f59e9a2f4070d66f0c9c39561f68fcd1dc837b22a852d28d0003aebd1b1e"
  name = "github.com/boltdb/bolt"
  packages = ["."]
  pruneopts = "UT"
  revision = "2f1ce7a837dcb8da3ec595b1dac9d0632f0f99e8"
  version = "v1.3.1"

[[projects]]
  branch = "master"
  digest = "1:7bfd6f49553eb9409ecde1d0311fdcc4944a887d9fff23415f74b7bd462d95a4"
  name = "github.com/bradfitz/iter"
  packages = ["."]
  pruneopts = "UT"
  revision = "454541ec3da2a73fc34fd049b19ee5777bf19345"

[[projects]]
  digest = "1:a2c1d0e43bd3baaa071d1b9ed72c27d78169b2b269f71c105ac4ba34b1be4a39"
  name = "github.com/davecgh/go-spew"
  packages = ["spew"]
  pruneopts = "UT"
  revision = "346938d642f2ec3594ed81d874461961cd0faa76"
  version = "v1.1.0"

[[projects]]
  branch = "master"
  digest = "1:6f9339c912bbdda81302633ad7e99a28dfa5a639c864061f1929510a9a64aa74"
  name = "github.com/dustin/go-humanize"
  packages = ["."]
  pruneopts = "UT"
  revision = "9f541cc9db5d55bce703bd99987c9d5cb8eea45e"

[[projects]]
  branch = "master"
  digest = "1:67d0b50be0549e610017cb91e0b0b745ec0cad7c613bc8e18ff2d1c1fc8825a7"
  name = "github.com/edsrzf/mmap-go"
  packages = ["."]
  pruneopts = "UT"
  revision = "0bce6a6887123b67a60366d2c9fe2dfb74289d2e"

[[projects]]
  branch = "master"
  digest = "1:87d8f1070e73e3dacde758c0377c1f4cd8ded02feab0208d1b83d40f90aa615a"
  name = "github.com/elgatito/upnp"
  packages = ["."]
  pruneopts = "UT"
  revision = "2f244d205f9a45e5e5c7ecd79c8d67c656e682a0"

[[projects]]
  branch = "master"
  digest = "1:981722e5ee549ef844285c2b370c19e58b7dc30bc19ba3537f3df284b551b54a"
  name = "github.com/glycerine/go-unsnap-stream"
  packages = ["."]
  pruneopts = "UT"
  revision = "9f0cb55181dd3a0a4c168d3dbc72d4aca4853126"

[[projects]]
  branch = "master"
  digest = "1:4a0c6bb4805508a6287675fac876be2ac1182539ca8a32468d8128882e9d5009"
  name = "github.com/golang/snappy"
  packages = ["."]
  pruneopts = "UT"
  revision = "2e65f85255dbc3072edf28d6b5b8efc472979f5a"

[[projects]]
  branch = "master"
  digest = "1:9887333bbef17574b1db5f9893ea137ac44107235d624408a3ac9e0b98fbb2cb"
  name = "github.com/google/btree"
  packages = ["."]
  pruneopts = "UT"
  revision = "e89373fe6b4a7413d7acd6da1725b83ef713e6e4"

[[projects]]
  digest = "1:6b1e7618931d0ed9a17fec1c1d84271907aa61172c50b8272327f6cd4fafb650"
  name = "github.com/huandu/xstrings"
  packages = ["."]
  pruneopts = "UT"
  revision = "2bf18b218c51864a87384c06996e40ff9dcff8e1"
  version = "v1.0.0"

[[projects]]
  digest = "1:3cafc6a5a1b8269605d9df4c6956d43d8011fc57f266ca6b9d04da6c09dee548"
  name = "github.com/mattn/go-sqlite3"
  packages = ["."]
  pruneopts = "UT"
  revision = "25ecb14adfc7543176f7d85291ec7dba82c6f7e4"
  version = "v1.9.0"

[[projects]]
  branch = "master"
  digest = "1:c22fdadfe2de0e1df75987cac34f1c721157dc24f180c76b4ef66a3c9637a799"
  name = "github.com/mschoch/smat"
  packages = ["."]
  pruneopts = "UT"
  revision = "90eadee771aeab36e8bf796039b8c261bebebe4f"

[[projects]]
  digest = "1:5b3b29ce0e569f62935d9541dff2e16cc09df981ebde48e82259076a73a3d0c7"
  name = "github.com/op/go-logging"
  packages = ["."]
  pruneopts = "UT"
  revision = "b2cb9fa56473e98db8caba80237377e83fe44db5"
  version = "v1"

[[projects]]
  branch = "master"
  digest = "1:3bf17a6e6eaa6ad24152148a631d18662f7212e21637c2699bff3369b7f00fa2"
  name = "github.com/petar/GoLLRB"
  packages = ["llrb"]
  pruneopts = "UT"
  revision = "53be0d36a84c2a886ca057d34b6aa4468df9ccb4"

[[projects]]
  digest = "1:5e73b34a27d827212102605789de00bd411b2e434812133c83935fe9897c75e1"
  name = "github.com/philhofer/fwd"
  packages = ["."]
  pruneopts = "UT"
  revision = "bb6d471dc95d4fe11e432687f8b70ff496cf3136"
  version = "v1.0.0"

[[projects]]
  digest = "1:40e195917a951a8bf867cd05de2a46aaf1806c50cf92eebf4c16f78cd196f747"
  name = "github.com/pkg/errors"
  packages = ["."]
  pruneopts = "UT"
  revision = "645ef00459ed84a119197bfb8d8205042c6df63d"
  version = "v0.8.0"

[[projects]]
  branch = "master"
  digest = "1:8bc4ea931d51467ab9dd8c1fb6213625e7ac1de24a4883e992a1b0b713a8d1eb"
  name = "github.com/ryszard/goskiplist"
  packages = ["skiplist"]
  pruneopts = "UT"
  revision = "2dfbae5fcf46374f166f8969cb07e167f1be6273"

[[projects]]
  digest = "1:919bb3aa6d9d0b67648c219fa4925312bc3c2872da19e818fa769e9c97a2b643"
  name = "github.com/spaolacci/murmur3"
  packages = ["."]
  pruneopts = "UT"
  revision = "9f5d223c60793748f04a9d5b4b4eacddfc1f755d"
  version = "v1.1"

[[projects]]
  digest = "1:eaa6698f44de8f2977e93c9b946e60a8af75f565058658aad2df8032b55c84e5"
  name = "github.com/tinylib/msgp"
  packages = ["msgp"]
  pruneopts = "UT"
  revision = "b2b6a672cf1e5b90748f79b8b81fc8c5cf0571a1"
  version = "1.0.2"

[[projects]]
  digest = "1:981fe66c332248711bafe3b5033e939cfd175e897e20a14905d4fcdc0fd68f59"
  name = "github.com/willf/bitset"
  packages = ["."]
  pruneopts = "UT"
  revision = "d860f346b89450988a379d7d705e83c58d1ea227"
  version = "v1.1.3"

[[projects]]
  digest = "1:306c3d1c8a92c718566e815d0c98d58071465036ec7e9b543cc4d6ae10c1c983"
  name = "github.com/willf/bloom"
  packages = ["."]
  pruneopts = "UT"
  revision = "54e3b963ee1652b06c4562cb9b6020ebc6e36e59"
  version = "v2.0.3"

[[projects]]
  branch = "master"
  digest = "1:72c614df418a5c5c10c9f162fa703d948334f13747117baffc509fe770603063"
  name = "golang.org/x/net"
  packages = [
    "context",
    "internal/socks",
    "proxy",
  ]
  pruneopts = "UT"
  revision = "3673e40ba22529d22c3fd7c93e97b0ce50fa7bdd"

[[projects]]
  branch = "master"
  digest = "1:8466957fb2af510f68b13aec64ccad13e9e756dc1da3ea28c422f8ac410e56f0"
  name = "golang.org/x/sys"
  packages = ["unix"]
  pruneopts = "UT"
  revision = "bd9dbc187b6e1dacfdd2722a87e83093c2d7bd6e"

[[projects]]
  branch = "master"
  digest = "1:c9e7a4b4d47c0ed205d257648b0e5b0440880cb728506e318f8ac7cd36270bc4"
  name = "golang.org/x/time"
  packages = ["rate"]
  pruneopts = "UT"
  revision = "fbb02b2291d28baffd63558aa44b4b56f178d650"

[solve-meta]
  analyzer-name = "dep"
  analyzer-version = 1
  input-imports = [
    "github.com/anacrolix/torrent",
    "github.com/anacrolix/torrent/iplist",
    "github.com/dustin/go-humanize",
  ]
  solver-name = "gps-cdcl"
  solver-version = 1
